
Microsoft Visual Studio Solution File, Format Version 12.00
# Visual Studio 14
VisualStudioVersion = 14.0.25420.1
MinimumVisualStudioVersion = 10.0.40219.1
Project("{FAE04EC0-301F-11D3-BF4B-00C04F79EFBC}") = "Frixel.Core", "Frixel.Core\Frixel.Core.csproj", "{02D6340D-35CB-488C-BD0A-269D0A9B184D}"
EndProject
Project("{FAE04EC0-301F-11D3-BF4B-00C04F79EFBC}") = "Frixel.UI", "Frixel.UI\Frixel.UI.csproj", "{965B9FA9-591C-454A-876A-A849F570AEFC}"
EndProject
Project("{FAE04EC0-301F-11D3-BF4B-00C04F79EFBC}") = "Frixel.Optimizer", "Frixel.Optimizer\Frixel.Optimizer.csproj", "{5F199CFD-B7C4-4C36-B7BE-85387C684348}"
EndProject
Project("{FAE04EC0-301F-11D3-BF4B-00C04F79EFBC}") = "Frixel.Rhinoceros", "Frixel.Rhino\Frixel.Rhinoceros.csproj", "{A47ECC9A-D32D-4971-BC17-938C53EF2A53}"
EndProject
Project("{FAE04EC0-301F-11D3-BF4B-00C04F79EFBC}") = "Frixel.Test", "Frixel.Test\Frixel.Test.csproj", "{1656F08F-1C13-4E0C-B853-596BF4DFDF2D}"
EndProject
Project("{2150E333-8FDC-42A3-9474-1A3956D46DE8}") = "Tools", "Tools", "{3C991E34-B426-4DBD-902F-3384468C7BCD}"
EndProject
Project("{FAE04EC0-301F-11D3-BF4B-00C04F79EFBC}") = "Frixel.VersionBumper", "Frixel.VersionBumper\Frixel.VersionBumper.csproj", "{FB21CBCB-68A7-43FA-8FFA-8154888320BD}"
EndProject
Global
	GlobalSection(SolutionConfigurationPlatforms) = preSolution
		Debug|Any CPU = Debug|Any CPU
		Release|Any CPU = Release|Any CPU
	EndGlobalSection
	GlobalSection(ProjectConfigurationPlatforms) = postSolution
		{02D6340D-35CB-488C-BD0A-269D0A9B184D}.Debug|Any CPU.ActiveCfg = Debug|Any CPU
		{02D6340D-35CB-488C-BD0A-269D0A9B184D}.Debug|Any CPU.Build.0 = Debug|Any CPU
		{02D6340D-35CB-488C-BD0A-269D0A9B184D}.Release|Any CPU.ActiveCfg = Release|Any CPU
		{02D6340D-35CB-488C-BD0A-269D0A9B184D}.Release|Any CPU.Build.0 = Release|Any CPU
		{965B9FA9-591C-454A-876A-A849F570AEFC}.Debug|Any CPU.ActiveCfg = Debug|Any CPU
		{965B9FA9-591C-454A-876A-A849F570AEFC}.Debug|Any CPU.Build.0 = Debug|Any CPU
		{965B9FA9-591C-454A-876A-A849F570AEFC}.Release|Any CPU.ActiveCfg = Release|Any CPU
		{965B9FA9-591C-454A-876A-A849F570AEFC}.Release|Any CPU.Build.0 = Release|Any CPU
		{5F199CFD-B7C4-4C36-B7BE-85387C684348}.Debug|Any CPU.ActiveCfg = Debug|Any CPU
		{5F199CFD-B7C4-4C36-B7BE-85387C684348}.Debug|Any CPU.Build.0 = Debug|Any CPU
		{5F199CFD-B7C4-4C36-B7BE-85387C684348}.Release|Any CPU.ActiveCfg = Release|Any CPU
		{5F199CFD-B7C4-4C36-B7BE-85387C684348}.Release|Any CPU.Build.0 = Release|Any CPU
		{A47ECC9A-D32D-4971-BC17-938C53EF2A53}.Debug|Any CPU.ActiveCfg = Debug|Any CPU
		{A47ECC9A-D32D-4971-BC17-938C53EF2A53}.Debug|Any CPU.Build.0 = Debug|Any CPU
		{A47ECC9A-D32D-4971-BC17-938C53EF2A53}.Release|Any CPU.ActiveCfg = Release|Any CPU
		{A47ECC9A-D32D-4971-BC17-938C53EF2A53}.Release|Any CPU.Build.0 = Release|Any CPU
		{1656F08F-1C13-4E0C-B853-596BF4DFDF2D}.Debug|Any CPU.ActiveCfg = Debug|Any CPU
		{1656F08F-1C13-4E0C-B853-596BF4DFDF2D}.Debug|Any CPU.Build.0 = Debug|Any CPU
		{1656F08F-1C13-4E0C-B853-596BF4DFDF2D}.Release|Any CPU.ActiveCfg = Release|Any CPU
		{1656F08F-1C13-4E0C-B853-596BF4DFDF2D}.Release|Any CPU.Build.0 = Release|Any CPU
		{FB21CBCB-68A7-43FA-8FFA-8154888320BD}.Debug|Any CPU.ActiveCfg = Debug|Any CPU
		{FB21CBCB-68A7-43FA-8FFA-8154888320BD}.Debug|Any CPU.Build.0 = Debug|Any CPU
		{FB21CBCB-68A7-43FA-8FFA-8154888320BD}.Release|Any CPU.ActiveCfg = Release|Any CPU
		{FB21CBCB-68A7-43FA-8FFA-8154888320BD}.Release|Any CPU.Build.0 = Release|Any CPU
	EndGlobalSection
	GlobalSection(SolutionProperties) = preSolution
		HideSolutionNode = FALSE
	EndGlobalSection
	GlobalSection(NestedProjects) = preSolution
		{FB21CBCB-68A7-43FA-8FFA-8154888320BD} = {3C991E34-B426-4DBD-902F-3384468C7BCD}
	EndGlobalSection
	GlobalSection(ExtensibilityGlobals) = postSolution
		SolutionGuid = {7889DD3D-0452-4042-9201-ABE43BE813F3}
	EndGlobalSection
EndGlobal
